
Microsoft Visual Studio Solution File, Format Version 12.00
# Visual Studio Version 16
VisualStudioVersion = 16.0.30114.105
MinimumVisualStudioVersion = 10.0.40219.1
Project("{FAE04EC0-301F-11D3-BF4B-00C04F79EFBC}") = "CloudWeather.DataLoader", "CloudWeather.DataLoader\CloudWeather.DataLoader.csproj", "{74A61E18-7E93-4B04-8C7D-579099FEB837}"
EndProject
Project("{FAE04EC0-301F-11D3-BF4B-00C04F79EFBC}") = "CloudWeather.Precipitation", "CloudWeather.Precipitation\CloudWeather.Precipitation.csproj", "{DF15AC1D-9524-4DA7-B68B-C847EC428A7F}"
EndProject
Project("{FAE04EC0-301F-11D3-BF4B-00C04F79EFBC}") = "CloudWeather.Report", "CloudWeather.Report\CloudWeather.Report.csproj", "{F6D0FBDA-07AB-4167-93CD-F8D99DDDDF2C}"
EndProject
Project("{FAE04EC0-301F-11D3-BF4B-00C04F79EFBC}") = "CloudWeather.Temperature", "CloudWeather.Temperature\CloudWeather.Temperature.csproj", "{B786E62C-BBB1-4906-A4F2-AFB074550849}"
EndProject
Global
	GlobalSection(SolutionConfigurationPlatforms) = preSolution
		Debug|Any CPU = Debug|Any CPU
		Release|Any CPU = Release|Any CPU
	EndGlobalSection
	GlobalSection(SolutionProperties) = preSolution
		HideSolutionNode = FALSE
	EndGlobalSection
	GlobalSection(ProjectConfigurationPlatforms) = postSolution
		{74A61E18-7E93-4B04-8C7D-579099FEB837}.Debug|Any CPU.ActiveCfg = Debug|Any CPU
		{74A61E18-7E93-4B04-8C7D-579099FEB837}.Debug|Any CPU.Build.0 = Debug|Any CPU
		{74A61E18-7E93-4B04-8C7D-579099FEB837}.Release|Any CPU.ActiveCfg = Release|Any CPU
		{74A61E18-7E93-4B04-8C7D-579099FEB837}.Release|Any CPU.Build.0 = Release|Any CPU
		{DF15AC1D-9524-4DA7-B68B-C847EC428A7F}.Debug|Any CPU.ActiveCfg = Debug|Any CPU
		{DF15AC1D-9524-4DA7-B68B-C847EC428A7F}.Debug|Any CPU.Build.0 = Debug|Any CPU
		{DF15AC1D-9524-4DA7-B68B-C847EC428A7F}.Release|Any CPU.ActiveCfg = Release|Any CPU
		{DF15AC1D-9524-4DA7-B68B-C847EC428A7F}.Release|Any CPU.Build.0 = Release|Any CPU
		{F6D0FBDA-07AB-4167-93CD-F8D99DDDDF2C}.Debug|Any CPU.ActiveCfg = Debug|Any CPU
		{F6D0FBDA-07AB-4167-93CD-F8D99DDDDF2C}.Debug|Any CPU.Build.0 = Debug|Any CPU
		{F6D0FBDA-07AB-4167-93CD-F8D99DDDDF2C}.Release|Any CPU.ActiveCfg = Release|Any CPU
		{F6D0FBDA-07AB-4167-93CD-F8D99DDDDF2C}.Release|Any CPU.Build.0 = Release|Any CPU
		{B786E62C-BBB1-4906-A4F2-AFB074550849}.Debug|Any CPU.ActiveCfg = Debug|Any CPU
		{B786E62C-BBB1-4906-A4F2-AFB074550849}.Debug|Any CPU.Build.0 = Debug|Any CPU
		{B786E62C-BBB1-4906-A4F2-AFB074550849}.Release|Any CPU.ActiveCfg = Release|Any CPU
		{B786E62C-BBB1-4906-A4F2-AFB074550849}.Release|Any CPU.Build.0 = Release|Any CPU
	EndGlobalSection
EndGlobal
